
Microsoft Visual Studio Solution File, Format Version 12.00
# Visual Studio Version 17
VisualStudioVersion = 17.2.32526.322
MinimumVisualStudioVersion = 10.0.40219.1
Project("{8BC9CEB8-8B4A-11D0-8D11-00A0C91BC942}") = "Project3", "Project3\Project3.vcxproj", "{DD178F6E-72E2-45CC-827E-E4D12CC3EFF8}"
EndProject
Global
	GlobalSection(SolutionConfigurationPlatforms) = preSolution
		Debug|x64 = Debug|x64
		Debug|x86 = Debug|x86
		Release|x64 = Release|x64
		Release|x86 = Release|x86
	EndGlobalSection
	GlobalSection(ProjectConfigurationPlatforms) = postSolution
		{DD178F6E-72E2-45CC-827E-E4D12CC3EFF8}.Debug|x64.ActiveCfg = Debug|x64
		{DD178F6E-72E2-45CC-827E-E4D12CC3EFF8}.Debug|x64.Build.0 = Debug|x64
		{DD178F6E-72E2-45CC-827E-E4D12CC3EFF8}.Debug|x86.ActiveCfg = Debug|Win32
		{DD178F6E-72E2-45CC-827E-E4D12CC3EFF8}.Debug|x86.Build.0 = Debug|Win32
		{DD178F6E-72E2-45CC-827E-E4D12CC3EFF8}.Release|x64.ActiveCfg = Release|x64
		{DD178F6E-72E2-45CC-827E-E4D12CC3EFF8}.Release|x64.Build.0 = Release|x64
		{DD178F6E-72E2-45CC-827E-E4D12CC3EFF8}.Release|x86.ActiveCfg = Release|Win32
		{DD178F6E-72E2-45CC-827E-E4D12CC3EFF8}.Release|x86.Build.0 = Release|Win32
	EndGlobalSection
	GlobalSection(SolutionProperties) = preSolution
		HideSolutionNode = FALSE
	EndGlobalSection
	GlobalSection(ExtensibilityGlobals) = postSolution
		SolutionGuid = {1819F658-3038-499B-BCC0-0F628BB52F85}
	EndGlobalSection
EndGlobal
